// !$*UTF8*$!
{
	archiveVersion = 1;
	classes = {
	};
	objectVersion = 50;
	objects = {

/* Begin PBXBuildFile section */
		1D46C722264B266D00DCED7B /* AppDelegate.swift in Sources */ = {isa = PBXBuildFile; fileRef = 1D46C721264B266D00DCED7B /* AppDelegate.swift */; };
		1D46C724264B266D00DCED7B /* SceneDelegate.swift in Sources */ = {isa = PBXBuildFile; fileRef = 1D46C723264B266D00DCED7B /* SceneDelegate.swift */; };
		1D46C726264B266D00DCED7B /* MapsVC.swift in Sources */ = {isa = PBXBuildFile; fileRef = 1D46C725264B266D00DCED7B /* MapsVC.swift */; };
		1D46C729264B266D00DCED7B /* Main.storyboard in Resources */ = {isa = PBXBuildFile; fileRef = 1D46C727264B266D00DCED7B /* Main.storyboard */; };
		1D46C72C264B266D00DCED7B /* HaloTimer.xcdatamodeld in Sources */ = {isa = PBXBuildFile; fileRef = 1D46C72A264B266D00DCED7B /* HaloTimer.xcdatamodeld */; };
		1D46C72E264B266F00DCED7B /* Assets.xcassets in Resources */ = {isa = PBXBuildFile; fileRef = 1D46C72D264B266F00DCED7B /* Assets.xcassets */; };
		1D46C731264B266F00DCED7B /* LaunchScreen.storyboard in Resources */ = {isa = PBXBuildFile; fileRef = 1D46C72F264B266F00DCED7B /* LaunchScreen.storyboard */; };
		1D46C747264B27A900DCED7B /* Weapon+CoreDataClass.swift in Sources */ = {isa = PBXBuildFile; fileRef = 1D46C743264B27A900DCED7B /* Weapon+CoreDataClass.swift */; };
		1D46C748264B27A900DCED7B /* Weapon+CoreDataProperties.swift in Sources */ = {isa = PBXBuildFile; fileRef = 1D46C744264B27A900DCED7B /* Weapon+CoreDataProperties.swift */; };
		1D46C749264B27A900DCED7B /* Map+CoreDataClass.swift in Sources */ = {isa = PBXBuildFile; fileRef = 1D46C745264B27A900DCED7B /* Map+CoreDataClass.swift */; };
		1D46C74A264B27A900DCED7B /* Map+CoreDataProperties.swift in Sources */ = {isa = PBXBuildFile; fileRef = 1D46C746264B27A900DCED7B /* Map+CoreDataProperties.swift */; };
		1D46C74C264B311D00DCED7B /* HaloFont in Resources */ = {isa = PBXBuildFile; fileRef = 1D46C74B264B311D00DCED7B /* HaloFont */; };
		1D46C74E264B324500DCED7B /* MapCell.swift in Sources */ = {isa = PBXBuildFile; fileRef = 1D46C74D264B324500DCED7B /* MapCell.swift */; };
		1D46C751264B355A00DCED7B /* Constants.swift in Sources */ = {isa = PBXBuildFile; fileRef = 1D46C750264B355A00DCED7B /* Constants.swift */; };
		1D832DD6264B53AC0010701A /* Maps.plist in Resources */ = {isa = PBXBuildFile; fileRef = 1D832DD5264B53AC0010701A /* Maps.plist */; };
		1D832DD8264B61430010701A /* MapImageNames.plist in Resources */ = {isa = PBXBuildFile; fileRef = 1D832DD7264B61430010701A /* MapImageNames.plist */; };
/* End PBXBuildFile section */

/* Begin PBXFileReference section */
		1D46C71E264B266D00DCED7B /* HaloTimer.app */ = {isa = PBXFileReference; explicitFileType = wrapper.application; includeInIndex = 0; path = HaloTimer.app; sourceTree = BUILT_PRODUCTS_DIR; };
		1D46C721264B266D00DCED7B /* AppDelegate.swift */ = {isa = PBXFileReference; lastKnownFileType = sourcecode.swift; path = AppDelegate.swift; sourceTree = "<group>"; };
		1D46C723264B266D00DCED7B /* SceneDelegate.swift */ = {isa = PBXFileReference; lastKnownFileType = sourcecode.swift; path = SceneDelegate.swift; sourceTree = "<group>"; };
		1D46C725264B266D00DCED7B /* MapsVC.swift */ = {isa = PBXFileReference; lastKnownFileType = sourcecode.swift; path = MapsVC.swift; sourceTree = "<group>"; };
		1D46C728264B266D00DCED7B /* Base */ = {isa = PBXFileReference; lastKnownFileType = file.storyboard; name = Base; path = Base.lproj/Main.storyboard; sourceTree = "<group>"; };
		1D46C72B264B266D00DCED7B /* HaloTimer.xcdatamodel */ = {isa = PBXFileReference; lastKnownFileType = wrapper.xcdatamodel; path = HaloTimer.xcdatamodel; sourceTree = "<group>"; };
		1D46C72D264B266F00DCED7B /* Assets.xcassets */ = {isa = PBXFileReference; lastKnownFileType = folder.assetcatalog; path = Assets.xcassets; sourceTree = "<group>"; };
		1D46C730264B266F00DCED7B /* Base */ = {isa = PBXFileReference; lastKnownFileType = file.storyboard; name = Base; path = Base.lproj/LaunchScreen.storyboard; sourceTree = "<group>"; };
		1D46C732264B266F00DCED7B /* Info.plist */ = {isa = PBXFileReference; lastKnownFileType = text.plist.xml; path = Info.plist; sourceTree = "<group>"; };
		1D46C743264B27A900DCED7B /* Weapon+CoreDataClass.swift */ = {isa = PBXFileReference; lastKnownFileType = sourcecode.swift; path = "Weapon+CoreDataClass.swift"; sourceTree = "<group>"; };
		1D46C744264B27A900DCED7B /* Weapon+CoreDataProperties.swift */ = {isa = PBXFileReference; lastKnownFileType = sourcecode.swift; path = "Weapon+CoreDataProperties.swift"; sourceTree = "<group>"; };
		1D46C745264B27A900DCED7B /* Map+CoreDataClass.swift */ = {isa = PBXFileReference; lastKnownFileType = sourcecode.swift; path = "Map+CoreDataClass.swift"; sourceTree = "<group>"; };
		1D46C746264B27A900DCED7B /* Map+CoreDataProperties.swift */ = {isa = PBXFileReference; lastKnownFileType = sourcecode.swift; path = "Map+CoreDataProperties.swift"; sourceTree = "<group>"; };
		1D46C74B264B311D00DCED7B /* HaloFont */ = {isa = PBXFileReference; fileEncoding = 4; lastKnownFileType = text; path = HaloFont; sourceTree = SOURCE_ROOT; };
		1D46C74D264B324500DCED7B /* MapCell.swift */ = {isa = PBXFileReference; lastKnownFileType = sourcecode.swift; path = MapCell.swift; sourceTree = "<group>"; };
		1D46C750264B355A00DCED7B /* Constants.swift */ = {isa = PBXFileReference; lastKnownFileType = sourcecode.swift; path = Constants.swift; sourceTree = "<group>"; };
		1D832DD5264B53AC0010701A /* Maps.plist */ = {isa = PBXFileReference; lastKnownFileType = text.plist.xml; path = Maps.plist; sourceTree = "<group>"; };
		1D832DD7264B61430010701A /* MapImageNames.plist */ = {isa = PBXFileReference; lastKnownFileType = text.plist.xml; path = MapImageNames.plist; sourceTree = "<group>"; };
/* End PBXFileReference section */

/* Begin PBXFrameworksBuildPhase section */
		1D46C71B264B266D00DCED7B /* Frameworks */ = {
			isa = PBXFrameworksBuildPhase;
			buildActionMask = 2147483647;
			files = (
			);
			runOnlyForDeploymentPostprocessing = 0;
		};
/* End PBXFrameworksBuildPhase section */

/* Begin PBXGroup section */
		1D46C715264B266D00DCED7B = {
			isa = PBXGroup;
			children = (
				1D46C743264B27A900DCED7B /* Weapon+CoreDataClass.swift */,
				1D46C745264B27A900DCED7B /* Map+CoreDataClass.swift */,
				1D832DD5264B53AC0010701A /* Maps.plist */,
				1D832DD7264B61430010701A /* MapImageNames.plist */,
				1D46C720264B266D00DCED7B /* HaloTimer */,
				1D46C71F264B266D00DCED7B /* Products */,
			);
			sourceTree = "<group>";
		};
		1D46C71F264B266D00DCED7B /* Products */ = {
			isa = PBXGroup;
			children = (
				1D46C71E264B266D00DCED7B /* HaloTimer.app */,
			);
			name = Products;
			sourceTree = "<group>";
		};
		1D46C720264B266D00DCED7B /* HaloTimer */ = {
			isa = PBXGroup;
			children = (
				1D46C721264B266D00DCED7B /* AppDelegate.swift */,
				1D46C723264B266D00DCED7B /* SceneDelegate.swift */,
				1D46C74F264B353C00DCED7B /* Constants */,
				1D46C739264B268D00DCED7B /* Model */,
				1D46C73A264B269200DCED7B /* View */,
				1D46C738264B267F00DCED7B /* Controller */,
				1D46C727264B266D00DCED7B /* Main.storyboard */,
				1D46C74B264B311D00DCED7B /* HaloFont */,
				1D46C72D264B266F00DCED7B /* Assets.xcassets */,
				1D46C72F264B266F00DCED7B /* LaunchScreen.storyboard */,
				1D46C732264B266F00DCED7B /* Info.plist */,
				1D46C72A264B266D00DCED7B /* HaloTimer.xcdatamodeld */,
			);
			path = HaloTimer;
			sourceTree = "<group>";
		};
		1D46C738264B267F00DCED7B /* Controller */ = {
			isa = PBXGroup;
			children = (
				1D46C725264B266D00DCED7B /* MapsVC.swift */,
			);
			path = Controller;
			sourceTree = "<group>";
		};
		1D46C739264B268D00DCED7B /* Model */ = {
			isa = PBXGroup;
			children = (
				1D46C744264B27A900DCED7B /* Weapon+CoreDataProperties.swift */,
				1D46C746264B27A900DCED7B /* Map+CoreDataProperties.swift */,
			);
			path = Model;
			sourceTree = "<group>";
		};
		1D46C73A264B269200DCED7B /* View */ = {
			isa = PBXGroup;
			children = (
				1D46C74D264B324500DCED7B /* MapCell.swift */,
			);
			path = View;
			sourceTree = "<group>";
		};
		1D46C74F264B353C00DCED7B /* Constants */ = {
			isa = PBXGroup;
			children = (
				1D46C750264B355A00DCED7B /* Constants.swift */,
			);
			path = Constants;
			sourceTree = "<group>";
		};
/* End PBXGroup section */

/* Begin PBXNativeTarget section */
		1D46C71D264B266D00DCED7B /* HaloTimer */ = {
			isa = PBXNativeTarget;
			buildConfigurationList = 1D46C735264B266F00DCED7B /* Build configuration list for PBXNativeTarget "HaloTimer" */;
			buildPhases = (
				1D46C71A264B266D00DCED7B /* Sources */,
				1D46C71B264B266D00DCED7B /* Frameworks */,
				1D46C71C264B266D00DCED7B /* Resources */,
			);
			buildRules = (
			);
			dependencies = (
			);
			name = HaloTimer;
			productName = HaloTimer;
			productReference = 1D46C71E264B266D00DCED7B /* HaloTimer.app */;
			productType = "com.apple.product-type.application";
		};
/* End PBXNativeTarget section */

/* Begin PBXProject section */
		1D46C716264B266D00DCED7B /* Project object */ = {
			isa = PBXProject;
			attributes = {
				LastSwiftUpdateCheck = 1250;
				LastUpgradeCheck = 1250;
				TargetAttributes = {
					1D46C71D264B266D00DCED7B = {
						CreatedOnToolsVersion = 12.5;
					};
				};
			};
			buildConfigurationList = 1D46C719264B266D00DCED7B /* Build configuration list for PBXProject "HaloTimer" */;
			compatibilityVersion = "Xcode 9.3";
			developmentRegion = en;
			hasScannedForEncodings = 0;
			knownRegions = (
				en,
				Base,
			);
			mainGroup = 1D46C715264B266D00DCED7B;
			productRefGroup = 1D46C71F264B266D00DCED7B /* Products */;
			projectDirPath = "";
			projectRoot = "";
			targets = (
				1D46C71D264B266D00DCED7B /* HaloTimer */,
			);
		};
/* End PBXProject section */

/* Begin PBXResourcesBuildPhase section */
		1D46C71C264B266D00DCED7B /* Resources */ = {
			isa = PBXResourcesBuildPhase;
			buildActionMask = 2147483647;
			files = (
				1D46C731264B266F00DCED7B /* LaunchScreen.storyboard in Resources */,
				1D46C72E264B266F00DCED7B /* Assets.xcassets in Resources */,
				1D832DD8264B61430010701A /* MapImageNames.plist in Resources */,
				1D46C729264B266D00DCED7B /* Main.storyboard in Resources */,
				1D46C74C264B311D00DCED7B /* HaloFont in Resources */,
				1D832DD6264B53AC0010701A /* Maps.plist in Resources */,
			);
			runOnlyForDeploymentPostprocessing = 0;
		};
/* End PBXResourcesBuildPhase section */

/* Begin PBXSourcesBuildPhase section */
		1D46C71A264B266D00DCED7B /* Sources */ = {
			isa = PBXSourcesBuildPhase;
			buildActionMask = 2147483647;
			files = (
				1D46C74A264B27A900DCED7B /* Map+CoreDataProperties.swift in Sources */,
				1D46C726264B266D00DCED7B /* MapsVC.swift in Sources */,
				1D46C74E264B324500DCED7B /* MapCell.swift in Sources */,
				1D46C748264B27A900DCED7B /* Weapon+CoreDataProperties.swift in Sources */,
				1D46C747264B27A900DCED7B /* Weapon+CoreDataClass.swift in Sources */,
				1D46C751264B355A00DCED7B /* Constants.swift in Sources */,
				1D46C722264B266D00DCED7B /* AppDelegate.swift in Sources */,
				1D46C724264B266D00DCED7B /* SceneDelegate.swift in Sources */,
				1D46C72C264B266D00DCED7B /* HaloTimer.xcdatamodeld in Sources */,
				1D46C749264B27A900DCED7B /* Map+CoreDataClass.swift in Sources */,
			);
			runOnlyForDeploymentPostprocessing = 0;
		};
/* End PBXSourcesBuildPhase section */

/* Begin PBXVariantGroup section */
		1D46C727264B266D00DCED7B /* Main.storyboard */ = {
			isa = PBXVariantGroup;
			children = (
				1D46C728264B266D00DCED7B /* Base */,
			);
			name = Main.storyboard;
			sourceTree = "<group>";
		};
		1D46C72F264B266F00DCED7B /* LaunchScreen.storyboard */ = {
			isa = PBXVariantGroup;
			children = (
				1D46C730264B266F00DCED7B /* Base */,
			);
			name = LaunchScreen.storyboard;
			sourceTree = "<group>";
		};
/* End PBXVariantGroup section */

/* Begin XCBuildConfiguration section */
		1D46C733264B266F00DCED7B /* Debug */ = {
			isa = XCBuildConfiguration;
			buildSettings = {
				ALWAYS_SEARCH_USER_PATHS = NO;
				CLANG_ANALYZER_NONNULL = YES;
				CLANG_ANALYZER_NUMBER_OBJECT_CONVERSION = YES_AGGRESSIVE;
				CLANG_CXX_LANGUAGE_STANDARD = "gnu++14";
				CLANG_CXX_LIBRARY = "libc++";
				CLANG_ENABLE_MODULES = YES;
				CLANG_ENABLE_OBJC_ARC = YES;
				CLANG_ENABLE_OBJC_WEAK = YES;
				CLANG_WARN_BLOCK_CAPTURE_AUTORELEASING = YES;
				CLANG_WARN_BOOL_CONVERSION = YES;
				CLANG_WARN_COMMA = YES;
				CLANG_WARN_CONSTANT_CONVERSION = YES;
				CLANG_WARN_DEPRECATED_OBJC_IMPLEMENTATIONS = YES;
				CLANG_WARN_DIRECT_OBJC_ISA_USAGE = YES_ERROR;
				CLANG_WARN_DOCUMENTATION_COMMENTS = YES;
				CLANG_WARN_EMPTY_BODY = YES;
				CLANG_WARN_ENUM_CONVERSION = YES;
				CLANG_WARN_INFINITE_RECURSION = YES;
				CLANG_WARN_INT_CONVERSION = YES;
				CLANG_WARN_NON_LITERAL_NULL_CONVERSION = YES;
				CLANG_WARN_OBJC_IMPLICIT_RETAIN_SELF = YES;
				CLANG_WARN_OBJC_LITERAL_CONVERSION = YES;
				CLANG_WARN_OBJC_ROOT_CLASS = YES_ERROR;
				CLANG_WARN_QUOTED_INCLUDE_IN_FRAMEWORK_HEADER = YES;
				CLANG_WARN_RANGE_LOOP_ANALYSIS = YES;
				CLANG_WARN_STRICT_PROTOTYPES = YES;
				CLANG_WARN_SUSPICIOUS_MOVE = YES;
				CLANG_WARN_UNGUARDED_AVAILABILITY = YES_AGGRESSIVE;
				CLANG_WARN_UNREACHABLE_CODE = YES;
				CLANG_WARN__DUPLICATE_METHOD_MATCH = YES;
				COPY_PHASE_STRIP = NO;
				DEBUG_INFORMATION_FORMAT = dwarf;
				ENABLE_STRICT_OBJC_MSGSEND = YES;
				ENABLE_TESTABILITY = YES;
				GCC_C_LANGUAGE_STANDARD = gnu11;
				GCC_DYNAMIC_NO_PIC = NO;
				GCC_NO_COMMON_BLOCKS = YES;
				GCC_OPTIMIZATION_LEVEL = 0;
				GCC_PREPROCESSOR_DEFINITIONS = (
					"DEBUG=1",
					"$(inherited)",
				);
				GCC_WARN_64_TO_32_BIT_CONVERSION = YES;
				GCC_WARN_ABOUT_RETURN_TYPE = YES_ERROR;
				GCC_WARN_UNDECLARED_SELECTOR = YES;
				GCC_WARN_UNINITIALIZED_AUTOS = YES_AGGRESSIVE;
				GCC_WARN_UNUSED_FUNCTION = YES;
				GCC_WARN_UNUSED_VARIABLE = YES;
				IPHONEOS_DEPLOYMENT_TARGET = 14.5;
				MTL_ENABLE_DEBUG_INFO = INCLUDE_SOURCE;
				MTL_FAST_MATH = YES;
				ONLY_ACTIVE_ARCH = YES;
				SDKROOT = iphoneos;
				SWIFT_ACTIVE_COMPILATION_CONDITIONS = DEBUG;
				SWIFT_OPTIMIZATION_LEVEL = "-Onone";
			};
			name = Debug;
		};
		1D46C734264B266F00DCED7B /* Release */ = {
			isa = XCBuildConfiguration;
			buildSettings = {
				ALWAYS_SEARCH_USER_PATHS = NO;
				CLANG_ANALYZER_NONNULL = YES;
				CLANG_ANALYZER_NUMBER_OBJECT_CONVERSION = YES_AGGRESSIVE;
				CLANG_CXX_LANGUAGE_STANDARD = "gnu++14";
				CLANG_CXX_LIBRARY = "libc++";
				CLANG_ENABLE_MODULES = YES;
				CLANG_ENABLE_OBJC_ARC = YES;
				CLANG_ENABLE_OBJC_WEAK = YES;
				CLANG_WARN_BLOCK_CAPTURE_AUTORELEASING = YES;
				CLANG_WARN_BOOL_CONVERSION = YES;
				CLANG_WARN_COMMA = YES;
				CLANG_WARN_CONSTANT_CONVERSION = YES;
				CLANG_WARN_DEPRECATED_OBJC_IMPLEMENTATIONS = YES;
				CLANG_WARN_DIRECT_OBJC_ISA_USAGE = YES_ERROR;
				CLANG_WARN_DOCUMENTATION_COMMENTS = YES;
				CLANG_WARN_EMPTY_BODY = YES;
				CLANG_WARN_ENUM_CONVERSION = YES;
				CLANG_WARN_INFINITE_RECURSION = YES;
				CLANG_WARN_INT_CONVERSION = YES;
				CLANG_WARN_NON_LITERAL_NULL_CONVERSION = YES;
				CLANG_WARN_OBJC_IMPLICIT_RETAIN_SELF = YES;
				CLANG_WARN_OBJC_LITERAL_CONVERSION = YES;
				CLANG_WARN_OBJC_ROOT_CLASS = YES_ERROR;
				CLANG_WARN_QUOTED_INCLUDE_IN_FRAMEWORK_HEADER = YES;
				CLANG_WARN_RANGE_LOOP_ANALYSIS = YES;
				CLANG_WARN_STRICT_PROTOTYPES = YES;
				CLANG_WARN_SUSPICIOUS_MOVE = YES;
				CLANG_WARN_UNGUARDED_AVAILABILITY = YES_AGGRESSIVE;
				CLANG_WARN_UNREACHABLE_CODE = YES;
				CLANG_WARN__DUPLICATE_METHOD_MATCH = YES;
				COPY_PHASE_STRIP = NO;
				DEBUG_INFORMATION_FORMAT = "dwarf-with-dsym";
				ENABLE_NS_ASSERTIONS = NO;
				ENABLE_STRICT_OBJC_MSGSEND = YES;
				GCC_C_LANGUAGE_STANDARD = gnu11;
				GCC_NO_COMMON_BLOCKS = YES;
				GCC_WARN_64_TO_32_BIT_CONVERSION = YES;
				GCC_WARN_ABOUT_RETURN_TYPE = YES_ERROR;
				GCC_WARN_UNDECLARED_SELECTOR = YES;
				GCC_WARN_UNINITIALIZED_AUTOS = YES_AGGRESSIVE;
				GCC_WARN_UNUSED_FUNCTION = YES;
				GCC_WARN_UNUSED_VARIABLE = YES;
				IPHONEOS_DEPLOYMENT_TARGET = 14.5;
				MTL_ENABLE_DEBUG_INFO = NO;
				MTL_FAST_MATH = YES;
				SDKROOT = iphoneos;
				SWIFT_COMPILATION_MODE = wholemodule;
				SWIFT_OPTIMIZATION_LEVEL = "-O";
				VALIDATE_PRODUCT = YES;
			};
			name = Release;
		};
		1D46C736264B266F00DCED7B /* Debug */ = {
			isa = XCBuildConfiguration;
			buildSettings = {
				ASSETCATALOG_COMPILER_APPICON_NAME = AppIcon;
				ASSETCATALOG_COMPILER_GLOBAL_ACCENT_COLOR_NAME = AccentColor;
				CODE_SIGN_STYLE = Automatic;
				DEVELOPMENT_TEAM = 5525GJ5XAJ;
				INFOPLIST_FILE = HaloTimer/Info.plist;
				LD_RUNPATH_SEARCH_PATHS = (
					"$(inherited)",
					"@executable_path/Frameworks",
				);
				PRODUCT_BUNDLE_IDENTIFIER = com.rickmartinez.HaloTimer;
				PRODUCT_NAME = "$(TARGET_NAME)";
				SWIFT_VERSION = 5.0;
				TARGETED_DEVICE_FAMILY = "1,2";
			};
			name = Debug;
		};
		1D46C737264B266F00DCED7B /* Release */ = {
			isa = XCBuildConfiguration;
			buildSettings = {
				ASSETCATALOG_COMPILER_APPICON_NAME = AppIcon;
				ASSETCATALOG_COMPILER_GLOBAL_ACCENT_COLOR_NAME = AccentColor;
				CODE_SIGN_STYLE = Automatic;
				DEVELOPMENT_TEAM = 5525GJ5XAJ;
				INFOPLIST_FILE = HaloTimer/Info.plist;
				LD_RUNPATH_SEARCH_PATHS = (
					"$(inherited)",
					"@executable_path/Frameworks",
				);
				PRODUCT_BUNDLE_IDENTIFIER = com.rickmartinez.HaloTimer;
				PRODUCT_NAME = "$(TARGET_NAME)";
				SWIFT_VERSION = 5.0;
				TARGETED_DEVICE_FAMILY = "1,2";
			};
			name = Release;
		};
/* End XCBuildConfiguration section */

/* Begin XCConfigurationList section */
		1D46C719264B266D00DCED7B /* Build configuration list for PBXProject "HaloTimer" */ = {
			isa = XCConfigurationList;
			buildConfigurations = (
				1D46C733264B266F00DCED7B /* Debug */,
				1D46C734264B266F00DCED7B /* Release */,
			);
			defaultConfigurationIsVisible = 0;
			defaultConfigurationName = Release;
		};
		1D46C735264B266F00DCED7B /* Build configuration list for PBXNativeTarget "HaloTimer" */ = {
			isa = XCConfigurationList;
			buildConfigurations = (
				1D46C736264B266F00DCED7B /* Debug */,
				1D46C737264B266F00DCED7B /* Release */,
			);
			defaultConfigurationIsVisible = 0;
			defaultConfigurationName = Release;
		};
/* End XCConfigurationList section */

/* Begin XCVersionGroup section */
		1D46C72A264B266D00DCED7B /* HaloTimer.xcdatamodeld */ = {
			isa = XCVersionGroup;
			children = (
				1D46C72B264B266D00DCED7B /* HaloTimer.xcdatamodel */,
			);
			currentVersion = 1D46C72B264B266D00DCED7B /* HaloTimer.xcdatamodel */;
			path = HaloTimer.xcdatamodeld;
			sourceTree = "<group>";
			versionGroupType = wrapper.xcdatamodel;
		};
/* End XCVersionGroup section */
	};
	rootObject = 1D46C716264B266D00DCED7B /* Project object */;
}
